{
  "name": "server",
  "version": "1.0.0",
  "lockfileVersion": 1,
  "requires": true,
  "dependencies": {
    "body-parser": {
      "version": "1.19.0",
      "resolved": "https://registry.npm.taobao.org/body-parser/download/body-parser-1.19.0.tgz?cache=0&other_urls=https%3A%2F%2Fregistry.npm.taobao.org%2Fbody-parser%2Fdownload%2Fbody-parser-1.19.0.tgz",
      "dependencies": {
        "bytes": {
          "version": "https://registry.npm.taobao.org/bytes/download/bytes-3.1.0.tgz",
          "bundled": true
        },
        "content-type": {
          "version": "https://registry.npm.taobao.org/content-type/download/content-type-1.0.4.tgz",
          "bundled": true
        },
        "debug": {
          "version": "https://registry.npm.taobao.org/debug/download/debug-2.6.9.tgz",
          "bundled": true
        },
        "depd": {
          "version": "https://registry.npm.taobao.org/depd/download/depd-1.1.2.tgz",
          "bundled": true
        },
        "http-errors": {
          "version": "https://registry.npm.taobao.org/http-errors/download/http-errors-1.7.2.tgz",
          "bundled": true
        },
        "iconv-lite": {
          "version": "https://registry.npm.taobao.org/iconv-lite/download/iconv-lite-0.4.24.tgz",
          "bundled": true,
          "dependencies": {
            "safer-buffer": {
              "version": "https://registry.npm.taobao.org/safer-buffer/download/safer-buffer-2.1.2.tgz",
              "bundled": true
            }
          }
        },
        "on-finished": {
          "version": "https://registry.npm.taobao.org/on-finished/download/on-finished-2.3.0.tgz",
          "bundled": true,
          "dependencies": {
            "ee-first": {
              "version": "https://registry.npm.taobao.org/ee-first/download/ee-first-1.1.1.tgz"
            }
          }
        },
        "qs": {
          "version": "https://registry.npm.taobao.org/qs/download/qs-6.7.0.tgz",
          "bundled": true
        },
        "raw-body": {
          "version": "https://registry.npm.taobao.org/raw-body/download/raw-body-2.4.0.tgz",
          "bundled": true
        },
        "type-is": {
          "version": "https://registry.npm.taobao.org/type-is/download/type-is-1.6.18.tgz",
          "bundled": true
        }
      }
    },
    "d3": {
      "version": "5.12.0",
      "resolved": "https://registry.npm.taobao.org/d3/download/d3-5.12.0.tgz",
      "dependencies": {
        "d3-array": {
          "version": "https://registry.npm.taobao.org/d3-array/download/d3-array-1.2.4.tgz",
          "bundled": true
        },
        "d3-axis": {
          "version": "https://registry.npm.taobao.org/d3-axis/download/d3-axis-1.0.12.tgz",
          "bundled": true
        },
        "d3-brush": {
          "version": "https://registry.npm.taobao.org/d3-brush/download/d3-brush-1.1.3.tgz",
          "bundled": true
        },
        "d3-chord": {
          "version": "https://registry.npm.taobao.org/d3-chord/download/d3-chord-1.0.6.tgz",
          "bundled": true
        },
        "d3-collection": {
          "version": "https://registry.npm.taobao.org/d3-collection/download/d3-collection-1.0.7.tgz",
          "bundled": true
        },
        "d3-color": {
          "version": "https://registry.npm.taobao.org/d3-color/download/d3-color-1.4.0.tgz",
          "bundled": true
        },
        "d3-contour": {
          "version": "https://registry.npm.taobao.org/d3-contour/download/d3-contour-1.3.2.tgz",
          "bundled": true
        },
        "d3-dispatch": {
          "version": "https://registry.npm.taobao.org/d3-dispatch/download/d3-dispatch-1.0.5.tgz",
          "bundled": true
        },
        "d3-drag": {
          "version": "https://registry.npm.taobao.org/d3-drag/download/d3-drag-1.2.4.tgz",
          "bundled": true,
          "dependencies": {
            "d3-dispatch": {
              "version": "https://registry.npm.taobao.org/d3-dispatch/download/d3-dispatch-1.0.5.tgz",
              "bundled": true
            },
            "d3-selection": {
              "version": "https://registry.npm.taobao.org/d3-selection/download/d3-selection-1.4.0.tgz",
              "bundled": true
            }
          }
        },
        "d3-dsv": {
          "version": "https://registry.npm.taobao.org/d3-dsv/download/d3-dsv-1.1.1.tgz",
          "bundled": true
        },
        "d3-ease": {
          "version": "https://registry.npm.taobao.org/d3-ease/download/d3-ease-1.0.5.tgz",
          "bundled": true
        },
        "d3-fetch": {
          "version": "https://registry.npm.taobao.org/d3-fetch/download/d3-fetch-1.1.2.tgz",
          "bundled": true,
          "dependencies": {
            "d3-dsv": {
              "version": "https://registry.npm.taobao.org/d3-dsv/download/d3-dsv-1.1.1.tgz",
              "bundled": true,
              "dependencies": {
                "commander": {
                  "version": "https://registry.npm.taobao.org/commander/download/commander-2.20.3.tgz?cache=0&sync_timestamp=1572603184853&other_urls=https%3A%2F%2Fregistry.npm.taobao.org%2Fcommander%2Fdownload%2Fcommander-2.20.3.tgz",
                  "bundled": true
                },
                "iconv-lite": {
                  "version": "https://registry.npm.taobao.org/iconv-lite/download/iconv-lite-0.4.24.tgz",
                  "bundled": true,
                  "dependencies": {
                    "safer-buffer": {
                      "version": "https://registry.npm.taobao.org/safer-buffer/download/safer-buffer-2.1.2.tgz",
                      "bundled": true
                    }
                  }
                },
                "rw": {
                  "version": "https://registry.npm.taobao.org/rw/download/rw-1.3.3.tgz",
                  "bundled": true
                }
              }
            }
          }
        },
        "d3-force": {
          "version": "https://registry.npm.taobao.org/d3-force/download/d3-force-1.2.1.tgz",
          "bundled": true
        },
        "d3-format": {
          "version": "https://registry.npm.taobao.org/d3-format/download/d3-format-1.4.1.tgz?cache=0&other_urls=https%3A%2F%2Fregistry.npm.taobao.org%2Fd3-format%2Fdownload%2Fd3-format-1.4.1.tgz",
          "bundled": true
        },
        "d3-geo": {
          "version": "https://registry.npm.taobao.org/d3-geo/download/d3-geo-1.11.6.tgz",
          "bundled": true
        },
        "d3-hierarchy": {
          "version": "https://registry.npm.taobao.org/d3-hierarchy/download/d3-hierarchy-1.1.8.tgz",
          "bundled": true
        },
        "d3-interpolate": {
          "version": "https://registry.npm.taobao.org/d3-interpolate/download/d3-interpolate-1.3.2.tgz",
          "bundled": true,
          "dependencies": {
            "d3-color": {
              "version": "https://registry.npm.taobao.org/d3-color/download/d3-color-1.4.0.tgz"
            }
          }
        },
        "d3-path": {
          "version": "https://registry.npm.taobao.org/d3-path/download/d3-path-1.0.8.tgz?cache=0&other_urls=https%3A%2F%2Fregistry.npm.taobao.org%2Fd3-path%2Fdownload%2Fd3-path-1.0.8.tgz",
          "bundled": true
        },
        "d3-polygon": {
          "version": "https://registry.npm.taobao.org/d3-polygon/download/d3-polygon-1.0.5.tgz",
          "bundled": true
        },
        "d3-quadtree": {
          "version": "https://registry.npm.taobao.org/d3-quadtree/download/d3-quadtree-1.0.6.tgz",
          "bundled": true
        },
        "d3-random": {
          "version": "https://registry.npm.taobao.org/d3-random/download/d3-random-1.1.2.tgz?cache=0&sync_timestamp=1564594069867&other_urls=https%3A%2F%2Fregistry.npm.taobao.org%2Fd3-random%2Fdownload%2Fd3-random-1.1.2.tgz",
          "bundled": true
        },
        "d3-scale": {
          "version": "https://registry.npm.taobao.org/d3-scale/download/d3-scale-2.2.2.tgz?cache=0&sync_timestamp=1571927331979&other_urls=https%3A%2F%2Fregistry.npm.taobao.org%2Fd3-scale%2Fdownload%2Fd3-scale-2.2.2.tgz",
          "bundled": true
        },
        "d3-scale-chromatic": {
          "version": "https://registry.npm.taobao.org/d3-scale-chromatic/download/d3-scale-chromatic-1.5.0.tgz?cache=0&other_urls=https%3A%2F%2Fregistry.npm.taobao.org%2Fd3-scale-chromatic%2Fdownload%2Fd3-scale-chromatic-1.5.0.tgz",
          "bundled": true
        },
        "d3-selection": {
          "version": "https://registry.npm.taobao.org/d3-selection/download/d3-selection-1.4.0.tgz",
          "bundled": true
        },
        "d3-shape": {
          "version": "https://registry.npm.taobao.org/d3-shape/download/d3-shape-1.3.5.tgz",
          "bundled": true
        },
        "d3-time": {
          "version": "https://registry.npm.taobao.org/d3-time/download/d3-time-1.1.0.tgz",
          "bundled": true
        },
        "d3-time-format": {
          "version": "https://registry.npm.taobao.org/d3-time-format/download/d3-time-format-2.2.1.tgz",
          "bundled": true,
          "dependencies": {
            "d3-time": {
              "version": "https://registry.npm.taobao.org/d3-time/download/d3-time-1.1.0.tgz"
            }
          }
        },
        "d3-timer": {
          "version": "https://registry.npm.taobao.org/d3-timer/download/d3-timer-1.0.9.tgz",
          "bundled": true
        },
        "d3-transition": {
          "version": "https://registry.npm.taobao.org/d3-transition/download/d3-transition-1.2.0.tgz",
          "bundled": true,
          "dependencies": {
            "d3-color": {
              "version": "https://registry.npm.taobao.org/d3-color/download/d3-color-1.4.0.tgz",
              "bundled": true
            },
            "d3-dispatch": {
              "version": "https://registry.npm.taobao.org/d3-dispatch/download/d3-dispatch-1.0.5.tgz",
              "bundled": true
            },
            "d3-ease": {
              "version": "https://registry.npm.taobao.org/d3-ease/download/d3-ease-1.0.5.tgz",
              "bundled": true
            },
            "d3-interpolate": {
              "version": "https://registry.npm.taobao.org/d3-interpolate/download/d3-interpolate-1.3.2.tgz",
              "bundled": true,
              "dependencies": {
                "d3-color": {
                  "version": "https://registry.npm.taobao.org/d3-color/download/d3-color-1.4.0.tgz"
                }
              }
            },
            "d3-selection": {
              "version": "https://registry.npm.taobao.org/d3-selection/download/d3-selection-1.4.0.tgz",
              "bundled": true
            },
            "d3-timer": {
              "version": "https://registry.npm.taobao.org/d3-timer/download/d3-timer-1.0.9.tgz",
              "bundled": true
            }
          }
        },
        "d3-voronoi": {
          "version": "https://registry.npm.taobao.org/d3-voronoi/download/d3-voronoi-1.1.4.tgz",
          "bundled": true
        },
        "d3-zoom": {
          "version": "https://registry.npm.taobao.org/d3-zoom/download/d3-zoom-1.8.3.tgz?cache=0&sync_timestamp=1565448017915&other_urls=https%3A%2F%2Fregistry.npm.taobao.org%2Fd3-zoom%2Fdownload%2Fd3-zoom-1.8.3.tgz",
          "bundled": true
        }
      }
    },
    "express": {
      "version": "4.17.1",
      "resolved": "https://registry.npm.taobao.org/express/download/express-4.17.1.tgz",
      "requires": {
        "body-parser": "1.19.0"
      },
      "dependencies": {
        "accepts": {
          "version": "https://registry.npm.taobao.org/accepts/download/accepts-1.3.7.tgz",
          "bundled": true,
          "dependencies": {
            "mime-types": {
              "version": "https://registry.npm.taobao.org/mime-types/download/mime-types-2.1.24.tgz"
            },
            "negotiator": {
              "version": "https://registry.npm.taobao.org/negotiator/download/negotiator-0.6.2.tgz"
            }
          }
        },
        "array-flatten": {
          "version": "https://registry.npm.taobao.org/array-flatten/download/array-flatten-1.1.1.tgz",
          "bundled": true
        },
        "body-parser": {
          "version": "https://registry.npm.taobao.org/body-parser/download/body-parser-1.19.0.tgz?cache=0&other_urls=https%3A%2F%2Fregistry.npm.taobao.org%2Fbody-parser%2Fdownload%2Fbody-parser-1.19.0.tgz",
          "bundled": true
        },
        "content-disposition": {
          "version": "https://registry.npm.taobao.org/content-disposition/download/content-disposition-0.5.3.tgz",
          "bundled": true
        },
        "content-type": {
          "version": "https://registry.npm.taobao.org/content-type/download/content-type-1.0.4.tgz",
          "bundled": true
        },
        "cookie": {
          "version": "https://registry.npm.taobao.org/cookie/download/cookie-0.4.0.tgz",
          "bundled": true
        },
        "cookie-signature": {
          "version": "https://registry.npm.taobao.org/cookie-signature/download/cookie-signature-1.0.6.tgz",
          "bundled": true
        },
        "debug": {
          "version": "https://registry.npm.taobao.org/debug/download/debug-2.6.9.tgz",
          "bundled": true,
          "dependencies": {
            "ms": {
              "version": "https://registry.npm.taobao.org/ms/download/ms-2.0.0.tgz",
              "bundled": true
            }
          }
        },
        "depd": {
          "version": "https://registry.npm.taobao.org/depd/download/depd-1.1.2.tgz",
          "bundled": true
        },
        "encodeurl": {
          "version": "https://registry.npm.taobao.org/encodeurl/download/encodeurl-1.0.2.tgz",
          "bundled": true
        },
        "escape-html": {
          "version": "https://registry.npm.taobao.org/escape-html/download/escape-html-1.0.3.tgz",
          "bundled": true
        },
        "etag": {
          "version": "https://registry.npm.taobao.org/etag/download/etag-1.8.1.tgz",
          "bundled": true
        },
        "finalhandler": {
          "version": "https://registry.npm.taobao.org/finalhandler/download/finalhandler-1.1.2.tgz",
          "bundled": true
        },
        "fresh": {
          "version": "https://registry.npm.taobao.org/fresh/download/fresh-0.5.2.tgz",
          "bundled": true
        },
        "merge-descriptors": {
          "version": "https://registry.npm.taobao.org/merge-descriptors/download/merge-descriptors-1.0.1.tgz",
          "bundled": true
        },
        "methods": {
          "version": "https://registry.npm.taobao.org/methods/download/methods-1.1.2.tgz",
          "bundled": true
        },
        "on-finished": {
          "version": "https://registry.npm.taobao.org/on-finished/download/on-finished-2.3.0.tgz",
          "bundled": true,
          "dependencies": {
            "ee-first": {
              "version": "https://registry.npm.taobao.org/ee-first/download/ee-first-1.1.1.tgz"
            }
          }
        },
        "parseurl": {
          "version": "https://registry.npm.taobao.org/parseurl/download/parseurl-1.3.3.tgz",
          "bundled": true
        },
        "path-to-regexp": {
          "version": "https://registry.npm.taobao.org/path-to-regexp/download/path-to-regexp-0.1.7.tgz?cache=0&other_urls=https%3A%2F%2Fregistry.npm.taobao.org%2Fpath-to-regexp%2Fdownload%2Fpath-to-regexp-0.1.7.tgz",
          "bundled": true
        },
        "proxy-addr": {
          "version": "https://registry.npm.taobao.org/proxy-addr/download/proxy-addr-2.0.5.tgz",
          "bundled": true
        },
        "qs": {
          "version": "https://registry.npm.taobao.org/qs/download/qs-6.7.0.tgz",
          "bundled": true
        },
        "range-parser": {
          "version": "https://registry.npm.taobao.org/range-parser/download/range-parser-1.2.1.tgz",
          "bundled": true
        },
        "safe-buffer": {
          "version": "https://registry.npm.taobao.org/safe-buffer/download/safe-buffer-5.1.2.tgz",
          "bundled": true
        },
        "send": {
          "version": "https://registry.npm.taobao.org/send/download/send-0.17.1.tgz",
          "bundled": true
        },
        "serve-static": {
          "version": "https://registry.npm.taobao.org/serve-static/download/serve-static-1.14.1.tgz",
          "bundled": true
        },
        "setprototypeof": {
          "version": "https://registry.npm.taobao.org/setprototypeof/download/setprototypeof-1.1.1.tgz",
          "bundled": true
        },
        "statuses": {
          "version": "https://registry.npm.taobao.org/statuses/download/statuses-1.5.0.tgz",
          "bundled": true
        },
        "type-is": {
          "version": "https://registry.npm.taobao.org/type-is/download/type-is-1.6.18.tgz",
          "bundled": true,
          "dependencies": {
            "media-typer": {
              "version": "https://registry.npm.taobao.org/media-typer/download/media-typer-0.3.0.tgz"
            },
            "mime-types": {
              "version": "https://registry.npm.taobao.org/mime-types/download/mime-types-2.1.24.tgz",
              "dependencies": {
                "mime-db": {
                  "version": "https://registry.npm.taobao.org/mime-db/download/mime-db-1.40.0.tgz?cache=0&sync_timestamp=1569468742433&other_urls=https%3A%2F%2Fregistry.npm.taobao.org%2Fmime-db%2Fdownload%2Fmime-db-1.40.0.tgz",
                  "bundled": true
                }
              }
            }
          }
        },
        "utils-merge": {
          "version": "https://registry.npm.taobao.org/utils-merge/download/utils-merge-1.0.1.tgz",
          "bundled": true
        },
        "vary": {
          "version": "https://registry.npm.taobao.org/vary/download/vary-1.1.2.tgz",
          "bundled": true
        }
      }
    }
  }
}
